
Microsoft Visual Studio Solution File, Format Version 12.00
# Visual Studio Version 17
VisualStudioVersion = 17.14.36518.9 d17.14
MinimumVisualStudioVersion = 10.0.40219.1
Project("{FAE04EC0-301F-11D3-BF4B-00C04F79EFBC}") = "lab5", "lab5.csproj", "{48A565B0-4A4A-444C-9801-DDFEC9C5F8A5}"
EndProject
Global
	GlobalSection(SolutionConfigurationPlatforms) = preSolution
		Debug|Any CPU = Debug|Any CPU
		Release|Any CPU = Release|Any CPU
	EndGlobalSection
	GlobalSection(ProjectConfigurationPlatforms) = postSolution
		{48A565B0-4A4A-444C-9801-DDFEC9C5F8A5}.Debug|Any CPU.ActiveCfg = Debug|Any CPU
		{48A565B0-4A4A-444C-9801-DDFEC9C5F8A5}.Debug|Any CPU.Build.0 = Debug|Any CPU
		{48A565B0-4A4A-444C-9801-DDFEC9C5F8A5}.Release|Any CPU.ActiveCfg = Release|Any CPU
		{48A565B0-4A4A-444C-9801-DDFEC9C5F8A5}.Release|Any CPU.Build.0 = Release|Any CPU
	EndGlobalSection
	GlobalSection(SolutionProperties) = preSolution
		HideSolutionNode = FALSE
	EndGlobalSection
	GlobalSection(ExtensibilityGlobals) = postSolution
		SolutionGuid = {3B1F5FD2-FAA5-4502-8215-6F76B00840D2}
	EndGlobalSection
EndGlobal
